
Microsoft Visual Studio Solution File, Format Version 12.00
# Visual Studio Version 17
VisualStudioVersion = 17.10.34916.146
MinimumVisualStudioVersion = 10.0.40219.1
Project("{FAE04EC0-301F-11D3-BF4B-00C04F79EFBC}") = "test-pipeline-backend-api", "test-pipeline-backend-api\test-pipeline-backend-api.csproj", "{033CFCA5-064A-4655-BEAD-67118473487E}"
EndProject
Global
	GlobalSection(SolutionConfigurationPlatforms) = preSolution
		Debug|Any CPU = Debug|Any CPU
		Release|Any CPU = Release|Any CPU
	EndGlobalSection
	GlobalSection(ProjectConfigurationPlatforms) = postSolution
		{033CFCA5-064A-4655-BEAD-67118473487E}.Debug|Any CPU.ActiveCfg = Debug|Any CPU
		{033CFCA5-064A-4655-BEAD-67118473487E}.Debug|Any CPU.Build.0 = Debug|Any CPU
		{033CFCA5-064A-4655-BEAD-67118473487E}.Release|Any CPU.ActiveCfg = Release|Any CPU
		{033CFCA5-064A-4655-BEAD-67118473487E}.Release|Any CPU.Build.0 = Release|Any CPU
	EndGlobalSection
	GlobalSection(SolutionProperties) = preSolution
		HideSolutionNode = FALSE
	EndGlobalSection
	GlobalSection(ExtensibilityGlobals) = postSolution
		SolutionGuid = {86F6992B-4193-40BF-AE23-FFCAAFAE0D80}
	EndGlobalSection
EndGlobal
